// !$*UTF8*$!
{
	archiveVersion = 1;
	classes = {
	};
	objectVersion = 50;
	objects = {

/* Begin PBXBuildFile section */
		2DD7F157246A652F00991658 /* ColoringViewController.swift in Sources */ = {isa = PBXBuildFile; fileRef = 2DD7F156246A652F00991658 /* ColoringViewController.swift */; };
		2DD7F15B246AFFB000991658 /* CanvasView.swift in Sources */ = {isa = PBXBuildFile; fileRef = 2DD7F15A246AFFB000991658 /* CanvasView.swift */; };
		AB88DAF72469859200243204 /* AppDelegate.swift in Sources */ = {isa = PBXBuildFile; fileRef = AB88DAF62469859200243204 /* AppDelegate.swift */; };
		AB88DAF92469859200243204 /* SceneDelegate.swift in Sources */ = {isa = PBXBuildFile; fileRef = AB88DAF82469859200243204 /* SceneDelegate.swift */; };
		AB88DAFE2469859200243204 /* Main.storyboard in Resources */ = {isa = PBXBuildFile; fileRef = AB88DAFC2469859200243204 /* Main.storyboard */; };
		AB88DB002469859300243204 /* Assets.xcassets in Resources */ = {isa = PBXBuildFile; fileRef = AB88DAFF2469859300243204 /* Assets.xcassets */; };
		AB88DB032469859300243204 /* LaunchScreen.storyboard in Resources */ = {isa = PBXBuildFile; fileRef = AB88DB012469859300243204 /* LaunchScreen.storyboard */; };
		D104A838246D40C600BC7E81 /* ResultViewController.swift in Sources */ = {isa = PBXBuildFile; fileRef = D104A837246D40C600BC7E81 /* ResultViewController.swift */; };
		D11452DD246D4C6D00095042 /* MyResources in Resources */ = {isa = PBXBuildFile; fileRef = D11452DC246D4C6D00095042 /* MyResources */; };
		D119438E24738219002C7E7A /* OkoaSketch.swift in Sources */ = {isa = PBXBuildFile; fileRef = D119438D24738219002C7E7A /* OkoaSketch.swift */; };
		D124E248247265440053F698 /* GenerateViewFromCoordinatesViewController.swift in Sources */ = {isa = PBXBuildFile; fileRef = D124E247247265440053F698 /* GenerateViewFromCoordinatesViewController.swift */; };
		D124E24E24726F890053F698 /* MyView.swift in Sources */ = {isa = PBXBuildFile; fileRef = D124E24D24726F890053F698 /* MyView.swift */; };
		D1C99BC1246D5168000B5387 /* Kurri.ttf in Resources */ = {isa = PBXBuildFile; fileRef = D1C99BC0246D5168000B5387 /* Kurri.ttf */; };
/* End PBXBuildFile section */

/* Begin PBXFileReference section */
		2DD7F156246A652F00991658 /* ColoringViewController.swift */ = {isa = PBXFileReference; lastKnownFileType = sourcecode.swift; path = ColoringViewController.swift; sourceTree = "<group>"; };
		2DD7F15A246AFFB000991658 /* CanvasView.swift */ = {isa = PBXFileReference; lastKnownFileType = sourcecode.swift; path = CanvasView.swift; sourceTree = "<group>"; };
		AB88DAF32469859200243204 /* Okoa.app */ = {isa = PBXFileReference; explicitFileType = wrapper.application; includeInIndex = 0; path = Okoa.app; sourceTree = BUILT_PRODUCTS_DIR; };
		AB88DAF62469859200243204 /* AppDelegate.swift */ = {isa = PBXFileReference; lastKnownFileType = sourcecode.swift; path = AppDelegate.swift; sourceTree = "<group>"; };
		AB88DAF82469859200243204 /* SceneDelegate.swift */ = {isa = PBXFileReference; lastKnownFileType = sourcecode.swift; path = SceneDelegate.swift; sourceTree = "<group>"; };
		AB88DAFD2469859200243204 /* Base */ = {isa = PBXFileReference; lastKnownFileType = file.storyboard; name = Base; path = Base.lproj/Main.storyboard; sourceTree = "<group>"; };
		AB88DAFF2469859300243204 /* Assets.xcassets */ = {isa = PBXFileReference; lastKnownFileType = folder.assetcatalog; path = Assets.xcassets; sourceTree = "<group>"; };
		AB88DB022469859300243204 /* Base */ = {isa = PBXFileReference; lastKnownFileType = file.storyboard; name = Base; path = Base.lproj/LaunchScreen.storyboard; sourceTree = "<group>"; };
		AB88DB042469859300243204 /* Info.plist */ = {isa = PBXFileReference; lastKnownFileType = text.plist.xml; path = Info.plist; sourceTree = "<group>"; };
		D104A837246D40C600BC7E81 /* ResultViewController.swift */ = {isa = PBXFileReference; lastKnownFileType = sourcecode.swift; path = ResultViewController.swift; sourceTree = "<group>"; };
		D11452DC246D4C6D00095042 /* MyResources */ = {isa = PBXFileReference; lastKnownFileType = folder; path = MyResources; sourceTree = "<group>"; };
		D119438D24738219002C7E7A /* OkoaSketch.swift */ = {isa = PBXFileReference; fileEncoding = 4; lastKnownFileType = sourcecode.swift; path = OkoaSketch.swift; sourceTree = "<group>"; };
		D124E247247265440053F698 /* GenerateViewFromCoordinatesViewController.swift */ = {isa = PBXFileReference; lastKnownFileType = sourcecode.swift; path = GenerateViewFromCoordinatesViewController.swift; sourceTree = "<group>"; };
		D124E24D24726F890053F698 /* MyView.swift */ = {isa = PBXFileReference; lastKnownFileType = sourcecode.swift; path = MyView.swift; sourceTree = "<group>"; };
		D1C99BC0246D5168000B5387 /* Kurri.ttf */ = {isa = PBXFileReference; lastKnownFileType = file; path = Kurri.ttf; sourceTree = "<group>"; };
/* End PBXFileReference section */

/* Begin PBXFrameworksBuildPhase section */
		AB88DAF02469859200243204 /* Frameworks */ = {
			isa = PBXFrameworksBuildPhase;
			buildActionMask = 2147483647;
			files = (
			);
			runOnlyForDeploymentPostprocessing = 0;
		};
/* End PBXFrameworksBuildPhase section */

/* Begin PBXGroup section */
		AB88DAEA2469859200243204 = {
			isa = PBXGroup;
			children = (
				AB88DAF52469859200243204 /* Okoa */,
				AB88DAF42469859200243204 /* Products */,
			);
			sourceTree = "<group>";
		};
		AB88DAF42469859200243204 /* Products */ = {
			isa = PBXGroup;
			children = (
				AB88DAF32469859200243204 /* Okoa.app */,
			);
			name = Products;
			sourceTree = "<group>";
		};
		AB88DAF52469859200243204 /* Okoa */ = {
			isa = PBXGroup;
			children = (
				D119438D24738219002C7E7A /* OkoaSketch.swift */,
				D1C99BC0246D5168000B5387 /* Kurri.ttf */,
				D11452DC246D4C6D00095042 /* MyResources */,
				AB88DAF62469859200243204 /* AppDelegate.swift */,
				AB88DAF82469859200243204 /* SceneDelegate.swift */,
				AB88DAFC2469859200243204 /* Main.storyboard */,
				AB88DAFF2469859300243204 /* Assets.xcassets */,
				AB88DB012469859300243204 /* LaunchScreen.storyboard */,
				AB88DB042469859300243204 /* Info.plist */,
				2DD7F156246A652F00991658 /* ColoringViewController.swift */,
				2DD7F15A246AFFB000991658 /* CanvasView.swift */,
				D104A837246D40C600BC7E81 /* ResultViewController.swift */,
				D124E247247265440053F698 /* GenerateViewFromCoordinatesViewController.swift */,
				D124E24D24726F890053F698 /* MyView.swift */,
			);
			path = Okoa;
			sourceTree = "<group>";
		};
/* End PBXGroup section */

/* Begin PBXNativeTarget section */
		AB88DAF22469859200243204 /* Okoa */ = {
			isa = PBXNativeTarget;
			buildConfigurationList = AB88DB072469859300243204 /* Build configuration list for PBXNativeTarget "Okoa" */;
			buildPhases = (
				AB88DAEF2469859200243204 /* Sources */,
				AB88DAF02469859200243204 /* Frameworks */,
				AB88DAF12469859200243204 /* Resources */,
			);
			buildRules = (
			);
			dependencies = (
			);
			name = Okoa;
			productName = Okoa;
			productReference = AB88DAF32469859200243204 /* Okoa.app */;
			productType = "com.apple.product-type.application";
		};
/* End PBXNativeTarget section */

/* Begin PBXProject section */
		AB88DAEB2469859200243204 /* Project object */ = {
			isa = PBXProject;
			attributes = {
				LastSwiftUpdateCheck = 1130;
				LastUpgradeCheck = 1130;
				ORGANIZATIONNAME = "Toriq Wahid Syaefullah";
				TargetAttributes = {
					AB88DAF22469859200243204 = {
						CreatedOnToolsVersion = 11.3.1;
					};
				};
			};
			buildConfigurationList = AB88DAEE2469859200243204 /* Build configuration list for PBXProject "Okoa" */;
			compatibilityVersion = "Xcode 9.3";
			developmentRegion = en;
			hasScannedForEncodings = 0;
			knownRegions = (
				en,
				Base,
			);
			mainGroup = AB88DAEA2469859200243204;
			productRefGroup = AB88DAF42469859200243204 /* Products */;
			projectDirPath = "";
			projectRoot = "";
			targets = (
				AB88DAF22469859200243204 /* Okoa */,
			);
		};
/* End PBXProject section */

/* Begin PBXResourcesBuildPhase section */
		AB88DAF12469859200243204 /* Resources */ = {
			isa = PBXResourcesBuildPhase;
			buildActionMask = 2147483647;
			files = (
				D11452DD246D4C6D00095042 /* MyResources in Resources */,
				AB88DB032469859300243204 /* LaunchScreen.storyboard in Resources */,
				D1C99BC1246D5168000B5387 /* Kurri.ttf in Resources */,
				AB88DB002469859300243204 /* Assets.xcassets in Resources */,
				AB88DAFE2469859200243204 /* Main.storyboard in Resources */,
			);
			runOnlyForDeploymentPostprocessing = 0;
		};
/* End PBXResourcesBuildPhase section */

/* Begin PBXSourcesBuildPhase section */
		AB88DAEF2469859200243204 /* Sources */ = {
			isa = PBXSourcesBuildPhase;
			buildActionMask = 2147483647;
			files = (
				D124E24E24726F890053F698 /* MyView.swift in Sources */,
				D104A838246D40C600BC7E81 /* ResultViewController.swift in Sources */,
				AB88DAF72469859200243204 /* AppDelegate.swift in Sources */,
				2DD7F15B246AFFB000991658 /* CanvasView.swift in Sources */,
				AB88DAF92469859200243204 /* SceneDelegate.swift in Sources */,
				D124E248247265440053F698 /* GenerateViewFromCoordinatesViewController.swift in Sources */,
				2DD7F157246A652F00991658 /* ColoringViewController.swift in Sources */,
				D119438E24738219002C7E7A /* OkoaSketch.swift in Sources */,
			);
			runOnlyForDeploymentPostprocessing = 0;
		};
/* End PBXSourcesBuildPhase section */

/* Begin PBXVariantGroup section */
		AB88DAFC2469859200243204 /* Main.storyboard */ = {
			isa = PBXVariantGroup;
			children = (
				AB88DAFD2469859200243204 /* Base */,
			);
			name = Main.storyboard;
			sourceTree = "<group>";
		};
		AB88DB012469859300243204 /* LaunchScreen.storyboard */ = {
			isa = PBXVariantGroup;
			children = (
				AB88DB022469859300243204 /* Base */,
			);
			name = LaunchScreen.storyboard;
			sourceTree = "<group>";
		};
/* End PBXVariantGroup section */

/* Begin XCBuildConfiguration section */
		AB88DB052469859300243204 /* Debug */ = {
			isa = XCBuildConfiguration;
			buildSettings = {
				ALWAYS_SEARCH_USER_PATHS = NO;
				CLANG_ANALYZER_NONNULL = YES;
				CLANG_ANALYZER_NUMBER_OBJECT_CONVERSION = YES_AGGRESSIVE;
				CLANG_CXX_LANGUAGE_STANDARD = "gnu++14";
				CLANG_CXX_LIBRARY = "libc++";
				CLANG_ENABLE_MODULES = YES;
				CLANG_ENABLE_OBJC_ARC = YES;
				CLANG_ENABLE_OBJC_WEAK = YES;
				CLANG_WARN_BLOCK_CAPTURE_AUTORELEASING = YES;
				CLANG_WARN_BOOL_CONVERSION = YES;
				CLANG_WARN_COMMA = YES;
				CLANG_WARN_CONSTANT_CONVERSION = YES;
				CLANG_WARN_DEPRECATED_OBJC_IMPLEMENTATIONS = YES;
				CLANG_WARN_DIRECT_OBJC_ISA_USAGE = YES_ERROR;
				CLANG_WARN_DOCUMENTATION_COMMENTS = YES;
				CLANG_WARN_EMPTY_BODY = YES;
				CLANG_WARN_ENUM_CONVERSION = YES;
				CLANG_WARN_INFINITE_RECURSION = YES;
				CLANG_WARN_INT_CONVERSION = YES;
				CLANG_WARN_NON_LITERAL_NULL_CONVERSION = YES;
				CLANG_WARN_OBJC_IMPLICIT_RETAIN_SELF = YES;
				CLANG_WARN_OBJC_LITERAL_CONVERSION = YES;
				CLANG_WARN_OBJC_ROOT_CLASS = YES_ERROR;
				CLANG_WARN_RANGE_LOOP_ANALYSIS = YES;
				CLANG_WARN_STRICT_PROTOTYPES = YES;
				CLANG_WARN_SUSPICIOUS_MOVE = YES;
				CLANG_WARN_UNGUARDED_AVAILABILITY = YES_AGGRESSIVE;
				CLANG_WARN_UNREACHABLE_CODE = YES;
				CLANG_WARN__DUPLICATE_METHOD_MATCH = YES;
				COPY_PHASE_STRIP = NO;
				DEBUG_INFORMATION_FORMAT = dwarf;
				ENABLE_STRICT_OBJC_MSGSEND = YES;
				ENABLE_TESTABILITY = YES;
				GCC_C_LANGUAGE_STANDARD = gnu11;
				GCC_DYNAMIC_NO_PIC = NO;
				GCC_NO_COMMON_BLOCKS = YES;
				GCC_OPTIMIZATION_LEVEL = 0;
				GCC_PREPROCESSOR_DEFINITIONS = (
					"DEBUG=1",
					"$(inherited)",
				);
				GCC_WARN_64_TO_32_BIT_CONVERSION = YES;
				GCC_WARN_ABOUT_RETURN_TYPE = YES_ERROR;
				GCC_WARN_UNDECLARED_SELECTOR = YES;
				GCC_WARN_UNINITIALIZED_AUTOS = YES_AGGRESSIVE;
				GCC_WARN_UNUSED_FUNCTION = YES;
				GCC_WARN_UNUSED_VARIABLE = YES;
				IPHONEOS_DEPLOYMENT_TARGET = 13.2;
				MTL_ENABLE_DEBUG_INFO = INCLUDE_SOURCE;
				MTL_FAST_MATH = YES;
				ONLY_ACTIVE_ARCH = YES;
				SDKROOT = iphoneos;
				SWIFT_ACTIVE_COMPILATION_CONDITIONS = DEBUG;
				SWIFT_OPTIMIZATION_LEVEL = "-Onone";
			};
			name = Debug;
		};
		AB88DB062469859300243204 /* Release */ = {
			isa = XCBuildConfiguration;
			buildSettings = {
				ALWAYS_SEARCH_USER_PATHS = NO;
				CLANG_ANALYZER_NONNULL = YES;
				CLANG_ANALYZER_NUMBER_OBJECT_CONVERSION = YES_AGGRESSIVE;
				CLANG_CXX_LANGUAGE_STANDARD = "gnu++14";
				CLANG_CXX_LIBRARY = "libc++";
				CLANG_ENABLE_MODULES = YES;
				CLANG_ENABLE_OBJC_ARC = YES;
				CLANG_ENABLE_OBJC_WEAK = YES;
				CLANG_WARN_BLOCK_CAPTURE_AUTORELEASING = YES;
				CLANG_WARN_BOOL_CONVERSION = YES;
				CLANG_WARN_COMMA = YES;
				CLANG_WARN_CONSTANT_CONVERSION = YES;
				CLANG_WARN_DEPRECATED_OBJC_IMPLEMENTATIONS = YES;
				CLANG_WARN_DIRECT_OBJC_ISA_USAGE = YES_ERROR;
				CLANG_WARN_DOCUMENTATION_COMMENTS = YES;
				CLANG_WARN_EMPTY_BODY = YES;
				CLANG_WARN_ENUM_CONVERSION = YES;
				CLANG_WARN_INFINITE_RECURSION = YES;
				CLANG_WARN_INT_CONVERSION = YES;
				CLANG_WARN_NON_LITERAL_NULL_CONVERSION = YES;
				CLANG_WARN_OBJC_IMPLICIT_RETAIN_SELF = YES;
				CLANG_WARN_OBJC_LITERAL_CONVERSION = YES;
				CLANG_WARN_OBJC_ROOT_CLASS = YES_ERROR;
				CLANG_WARN_RANGE_LOOP_ANALYSIS = YES;
				CLANG_WARN_STRICT_PROTOTYPES = YES;
				CLANG_WARN_SUSPICIOUS_MOVE = YES;
				CLANG_WARN_UNGUARDED_AVAILABILITY = YES_AGGRESSIVE;
				CLANG_WARN_UNREACHABLE_CODE = YES;
				CLANG_WARN__DUPLICATE_METHOD_MATCH = YES;
				COPY_PHASE_STRIP = NO;
				DEBUG_INFORMATION_FORMAT = "dwarf-with-dsym";
				ENABLE_NS_ASSERTIONS = NO;
				ENABLE_STRICT_OBJC_MSGSEND = YES;
				GCC_C_LANGUAGE_STANDARD = gnu11;
				GCC_NO_COMMON_BLOCKS = YES;
				GCC_WARN_64_TO_32_BIT_CONVERSION = YES;
				GCC_WARN_ABOUT_RETURN_TYPE = YES_ERROR;
				GCC_WARN_UNDECLARED_SELECTOR = YES;
				GCC_WARN_UNINITIALIZED_AUTOS = YES_AGGRESSIVE;
				GCC_WARN_UNUSED_FUNCTION = YES;
				GCC_WARN_UNUSED_VARIABLE = YES;
				IPHONEOS_DEPLOYMENT_TARGET = 13.2;
				MTL_ENABLE_DEBUG_INFO = NO;
				MTL_FAST_MATH = YES;
				SDKROOT = iphoneos;
				SWIFT_COMPILATION_MODE = wholemodule;
				SWIFT_OPTIMIZATION_LEVEL = "-O";
				VALIDATE_PRODUCT = YES;
			};
			name = Release;
		};
		AB88DB082469859300243204 /* Debug */ = {
			isa = XCBuildConfiguration;
			buildSettings = {
				ASSETCATALOG_COMPILER_APPICON_NAME = AppIcon;
				CODE_SIGN_STYLE = Automatic;
				DEVELOPMENT_TEAM = 7UM9U6CWFS;
				INFOPLIST_FILE = Okoa/Info.plist;
				LD_RUNPATH_SEARCH_PATHS = (
					"$(inherited)",
					"@executable_path/Frameworks",
				);
				PRODUCT_BUNDLE_IDENTIFIER = id.appleacademy.Okoa;
				PRODUCT_NAME = "$(TARGET_NAME)";
				SWIFT_VERSION = 5.0;
				TARGETED_DEVICE_FAMILY = "1,2";
			};
			name = Debug;
		};
		AB88DB092469859300243204 /* Release */ = {
			isa = XCBuildConfiguration;
			buildSettings = {
				ASSETCATALOG_COMPILER_APPICON_NAME = AppIcon;
				CODE_SIGN_STYLE = Automatic;
				DEVELOPMENT_TEAM = 7UM9U6CWFS;
				INFOPLIST_FILE = Okoa/Info.plist;
				LD_RUNPATH_SEARCH_PATHS = (
					"$(inherited)",
					"@executable_path/Frameworks",
				);
				PRODUCT_BUNDLE_IDENTIFIER = id.appleacademy.Okoa;
				PRODUCT_NAME = "$(TARGET_NAME)";
				SWIFT_VERSION = 5.0;
				TARGETED_DEVICE_FAMILY = "1,2";
			};
			name = Release;
		};
/* End XCBuildConfiguration section */

/* Begin XCConfigurationList section */
		AB88DAEE2469859200243204 /* Build configuration list for PBXProject "Okoa" */ = {
			isa = XCConfigurationList;
			buildConfigurations = (
				AB88DB052469859300243204 /* Debug */,
				AB88DB062469859300243204 /* Release */,
			);
			defaultConfigurationIsVisible = 0;
			defaultConfigurationName = Release;
		};
		AB88DB072469859300243204 /* Build configuration list for PBXNativeTarget "Okoa" */ = {
			isa = XCConfigurationList;
			buildConfigurations = (
				AB88DB082469859300243204 /* Debug */,
				AB88DB092469859300243204 /* Release */,
			);
			defaultConfigurationIsVisible = 0;
			defaultConfigurationName = Release;
		};
/* End XCConfigurationList section */
	};
	rootObject = AB88DAEB2469859200243204 /* Project object */;
}
